
Microsoft Visual Studio Solution File, Format Version 12.00
# Visual Studio Version 17
VisualStudioVersion = 17.9.34607.119
MinimumVisualStudioVersion = 10.0.40219.1
Project("{FAE04EC0-301F-11D3-BF4B-00C04F79EFBC}") = "NorthWind.Common.EntityModels.SqlServer", "F:\VSCommunity\NorthWind.Common.EntityModels.SqlServer\NorthWind.Common.EntityModels.SqlServer.csproj", "{82060F02-3BA1-4F2F-9188-DB701B4FED94}"
EndProject
Global
	GlobalSection(SolutionConfigurationPlatforms) = preSolution
		Debug|Any CPU = Debug|Any CPU
		Release|Any CPU = Release|Any CPU
	EndGlobalSection
	GlobalSection(ProjectConfigurationPlatforms) = postSolution
		{82060F02-3BA1-4F2F-9188-DB701B4FED94}.Debug|Any CPU.ActiveCfg = Debug|Any CPU
		{82060F02-3BA1-4F2F-9188-DB701B4FED94}.Debug|Any CPU.Build.0 = Debug|Any CPU
		{82060F02-3BA1-4F2F-9188-DB701B4FED94}.Release|Any CPU.ActiveCfg = Release|Any CPU
		{82060F02-3BA1-4F2F-9188-DB701B4FED94}.Release|Any CPU.Build.0 = Release|Any CPU
	EndGlobalSection
	GlobalSection(SolutionProperties) = preSolution
		HideSolutionNode = FALSE
	EndGlobalSection
	GlobalSection(ExtensibilityGlobals) = postSolution
		SolutionGuid = {9B34E700-F50C-4C24-89D1-9B5E4B9C261F}
	EndGlobalSection
EndGlobal
